
Microsoft Visual Studio Solution File, Format Version 12.00
# Visual Studio Version 17
VisualStudioVersion = 17.1.32328.378
MinimumVisualStudioVersion = 10.0.40219.1
Project("{9A19103F-16F7-4668-BE54-9A1E7A4F7556}") = "FlappyBirdDemo.web", "FlappyBirdDemo.web\FlappyBirdDemo.web.csproj", "{33C81380-43B6-4BDC-A698-EBB24C953513}"
EndProject
Global
	GlobalSection(SolutionConfigurationPlatforms) = preSolution
		Debug|Any CPU = Debug|Any CPU
		Release|Any CPU = Release|Any CPU
	EndGlobalSection
	GlobalSection(ProjectConfigurationPlatforms) = postSolution
		{33C81380-43B6-4BDC-A698-EBB24C953513}.Debug|Any CPU.ActiveCfg = Debug|Any CPU
		{33C81380-43B6-4BDC-A698-EBB24C953513}.Debug|Any CPU.Build.0 = Debug|Any CPU
		{33C81380-43B6-4BDC-A698-EBB24C953513}.Release|Any CPU.ActiveCfg = Release|Any CPU
		{33C81380-43B6-4BDC-A698-EBB24C953513}.Release|Any CPU.Build.0 = Release|Any CPU
	EndGlobalSection
	GlobalSection(SolutionProperties) = preSolution
		HideSolutionNode = FALSE
	EndGlobalSection
	GlobalSection(ExtensibilityGlobals) = postSolution
		SolutionGuid = {FC2245E5-8DA7-4798-BB41-F561A901124E}
	EndGlobalSection
EndGlobal
